
Microsoft Visual Studio Solution File, Format Version 12.00
# Visual Studio Version 17
VisualStudioVersion = 17.13.35507.96
MinimumVisualStudioVersion = 10.0.40219.1
Project("{FAE04EC0-301F-11D3-BF4B-00C04F79EFBC}") = "Day1", "Day1\Day1.csproj", "{07A60A5B-38B3-47D6-8963-FBFB160DBC2D}"
EndProject
Project("{FAE04EC0-301F-11D3-BF4B-00C04F79EFBC}") = "Day2", "Day2\Day2.csproj", "{C6BB5BC9-5B65-4563-A36D-FBE2ED49C771}"
EndProject
Project("{FAE04EC0-301F-11D3-BF4B-00C04F79EFBC}") = "Day3", "Day3\Day3.csproj", "{B1508B10-9B45-4E57-B98C-9F96CFEC80C0}"
EndProject
Project("{FAE04EC0-301F-11D3-BF4B-00C04F79EFBC}") = "Day4", "Day4\Day4.csproj", "{6116A9DB-47A3-43F1-824E-C7280044DE3D}"
EndProject
Global
	GlobalSection(SolutionConfigurationPlatforms) = preSolution
		Debug|Any CPU = Debug|Any CPU
		Release|Any CPU = Release|Any CPU
	EndGlobalSection
	GlobalSection(ProjectConfigurationPlatforms) = postSolution
		{07A60A5B-38B3-47D6-8963-FBFB160DBC2D}.Debug|Any CPU.ActiveCfg = Debug|Any CPU
		{07A60A5B-38B3-47D6-8963-FBFB160DBC2D}.Debug|Any CPU.Build.0 = Debug|Any CPU
		{07A60A5B-38B3-47D6-8963-FBFB160DBC2D}.Release|Any CPU.ActiveCfg = Release|Any CPU
		{07A60A5B-38B3-47D6-8963-FBFB160DBC2D}.Release|Any CPU.Build.0 = Release|Any CPU
		{C6BB5BC9-5B65-4563-A36D-FBE2ED49C771}.Debug|Any CPU.ActiveCfg = Debug|Any CPU
		{C6BB5BC9-5B65-4563-A36D-FBE2ED49C771}.Debug|Any CPU.Build.0 = Debug|Any CPU
		{C6BB5BC9-5B65-4563-A36D-FBE2ED49C771}.Release|Any CPU.ActiveCfg = Release|Any CPU
		{C6BB5BC9-5B65-4563-A36D-FBE2ED49C771}.Release|Any CPU.Build.0 = Release|Any CPU
		{B1508B10-9B45-4E57-B98C-9F96CFEC80C0}.Debug|Any CPU.ActiveCfg = Debug|Any CPU
		{B1508B10-9B45-4E57-B98C-9F96CFEC80C0}.Debug|Any CPU.Build.0 = Debug|Any CPU
		{B1508B10-9B45-4E57-B98C-9F96CFEC80C0}.Release|Any CPU.ActiveCfg = Release|Any CPU
		{B1508B10-9B45-4E57-B98C-9F96CFEC80C0}.Release|Any CPU.Build.0 = Release|Any CPU
		{6116A9DB-47A3-43F1-824E-C7280044DE3D}.Debug|Any CPU.ActiveCfg = Debug|Any CPU
		{6116A9DB-47A3-43F1-824E-C7280044DE3D}.Debug|Any CPU.Build.0 = Debug|Any CPU
		{6116A9DB-47A3-43F1-824E-C7280044DE3D}.Release|Any CPU.ActiveCfg = Release|Any CPU
		{6116A9DB-47A3-43F1-824E-C7280044DE3D}.Release|Any CPU.Build.0 = Release|Any CPU
	EndGlobalSection
	GlobalSection(SolutionProperties) = preSolution
		HideSolutionNode = FALSE
	EndGlobalSection
	GlobalSection(ExtensibilityGlobals) = postSolution
		SolutionGuid = {EA6BF4C9-6008-4A2F-9D7E-0ECDDCA3424A}
	EndGlobalSection
EndGlobal
